
Microsoft Visual Studio Solution File, Format Version 12.00
# Visual Studio Version 17
VisualStudioVersion = 17.4.32912.340
MinimumVisualStudioVersion = 10.0.40219.1
Project("{FAE04EC0-301F-11D3-BF4B-00C04F79EFBC}") = "trackSample.UWP", "17track\17track.UWP\trackSample.UWP.csproj", "{A9BB7219-9D75-40A3-85FE-884316928D45}"
EndProject
Project("{FAE04EC0-301F-11D3-BF4B-00C04F79EFBC}") = "17Track.Android", "17track\17track.Android\17Track.Android.csproj", "{75A27B1B-93AE-427E-9CBA-9CAF71F95842}"
EndProject
Project("{FAE04EC0-301F-11D3-BF4B-00C04F79EFBC}") = "17Track.iOS", "17track\17track.iOS\17Track.iOS.csproj", "{A8679346-65C3-4B89-A3FA-2FE953246F6E}"
EndProject
Project("{9A19103F-16F7-4668-BE54-9A1E7A4F7556}") = "trackSample", "17track\17track\trackSample.csproj", "{E0220BD3-495C-4A38-BB8E-E94B8F8E5F8B}"
EndProject
Global
	GlobalSection(SolutionConfigurationPlatforms) = preSolution
		Debug|Any CPU = Debug|Any CPU
		Debug|ARM = Debug|ARM
		Debug|iPhone = Debug|iPhone
		Debug|iPhoneSimulator = Debug|iPhoneSimulator
		Debug|x64 = Debug|x64
		Debug|x86 = Debug|x86
		Release|Any CPU = Release|Any CPU
		Release|ARM = Release|ARM
		Release|iPhone = Release|iPhone
		Release|iPhoneSimulator = Release|iPhoneSimulator
		Release|x64 = Release|x64
		Release|x86 = Release|x86
	EndGlobalSection
	GlobalSection(ProjectConfigurationPlatforms) = postSolution
		{A9BB7219-9D75-40A3-85FE-884316928D45}.Debug|Any CPU.ActiveCfg = Debug|x64
		{A9BB7219-9D75-40A3-85FE-884316928D45}.Debug|Any CPU.Build.0 = Debug|x64
		{A9BB7219-9D75-40A3-85FE-884316928D45}.Debug|Any CPU.Deploy.0 = Debug|x64
		{A9BB7219-9D75-40A3-85FE-884316928D45}.Debug|ARM.ActiveCfg = Debug|ARM
		{A9BB7219-9D75-40A3-85FE-884316928D45}.Debug|ARM.Build.0 = Debug|ARM
		{A9BB7219-9D75-40A3-85FE-884316928D45}.Debug|ARM.Deploy.0 = Debug|ARM
		{A9BB7219-9D75-40A3-85FE-884316928D45}.Debug|iPhone.ActiveCfg = Debug|x64
		{A9BB7219-9D75-40A3-85FE-884316928D45}.Debug|iPhone.Build.0 = Debug|x64
		{A9BB7219-9D75-40A3-85FE-884316928D45}.Debug|iPhone.Deploy.0 = Debug|x64
		{A9BB7219-9D75-40A3-85FE-884316928D45}.Debug|iPhoneSimulator.ActiveCfg = Debug|x64
		{A9BB7219-9D75-40A3-85FE-884316928D45}.Debug|iPhoneSimulator.Build.0 = Debug|x64
		{A9BB7219-9D75-40A3-85FE-884316928D45}.Debug|iPhoneSimulator.Deploy.0 = Debug|x64
		{A9BB7219-9D75-40A3-85FE-884316928D45}.Debug|x64.ActiveCfg = Debug|x64
		{A9BB7219-9D75-40A3-85FE-884316928D45}.Debug|x64.Build.0 = Debug|x64
		{A9BB7219-9D75-40A3-85FE-884316928D45}.Debug|x64.Deploy.0 = Debug|x64
		{A9BB7219-9D75-40A3-85FE-884316928D45}.Debug|x86.ActiveCfg = Debug|x86
		{A9BB7219-9D75-40A3-85FE-884316928D45}.Debug|x86.Build.0 = Debug|x86
		{A9BB7219-9D75-40A3-85FE-884316928D45}.Debug|x86.Deploy.0 = Debug|x86
		{A9BB7219-9D75-40A3-85FE-884316928D45}.Release|Any CPU.ActiveCfg = Release|x64
		{A9BB7219-9D75-40A3-85FE-884316928D45}.Release|Any CPU.Build.0 = Release|x64
		{A9BB7219-9D75-40A3-85FE-884316928D45}.Release|Any CPU.Deploy.0 = Release|x64
		{A9BB7219-9D75-40A3-85FE-884316928D45}.Release|ARM.ActiveCfg = Release|ARM
		{A9BB7219-9D75-40A3-85FE-884316928D45}.Release|ARM.Build.0 = Release|ARM
		{A9BB7219-9D75-40A3-85FE-884316928D45}.Release|ARM.Deploy.0 = Release|ARM
		{A9BB7219-9D75-40A3-85FE-884316928D45}.Release|iPhone.ActiveCfg = Release|x64
		{A9BB7219-9D75-40A3-85FE-884316928D45}.Release|iPhone.Build.0 = Release|x64
		{A9BB7219-9D75-40A3-85FE-884316928D45}.Release|iPhone.Deploy.0 = Release|x64
		{A9BB7219-9D75-40A3-85FE-884316928D45}.Release|iPhoneSimulator.ActiveCfg = Release|x64
		{A9BB7219-9D75-40A3-85FE-884316928D45}.Release|iPhoneSimulator.Build.0 = Release|x64
		{A9BB7219-9D75-40A3-85FE-884316928D45}.Release|iPhoneSimulator.Deploy.0 = Release|x64
		{A9BB7219-9D75-40A3-85FE-884316928D45}.Release|x64.ActiveCfg = Release|x64
		{A9BB7219-9D75-40A3-85FE-884316928D45}.Release|x64.Build.0 = Release|x64
		{A9BB7219-9D75-40A3-85FE-884316928D45}.Release|x64.Deploy.0 = Release|x64
		{A9BB7219-9D75-40A3-85FE-884316928D45}.Release|x86.ActiveCfg = Release|x86
		{A9BB7219-9D75-40A3-85FE-884316928D45}.Release|x86.Build.0 = Release|x86
		{A9BB7219-9D75-40A3-85FE-884316928D45}.Release|x86.Deploy.0 = Release|x86
		{75A27B1B-93AE-427E-9CBA-9CAF71F95842}.Debug|Any CPU.ActiveCfg = Debug|Any CPU
		{75A27B1B-93AE-427E-9CBA-9CAF71F95842}.Debug|Any CPU.Build.0 = Debug|Any CPU
		{75A27B1B-93AE-427E-9CBA-9CAF71F95842}.Debug|Any CPU.Deploy.0 = Debug|Any CPU
		{75A27B1B-93AE-427E-9CBA-9CAF71F95842}.Debug|ARM.ActiveCfg = Debug|Any CPU
		{75A27B1B-93AE-427E-9CBA-9CAF71F95842}.Debug|ARM.Build.0 = Debug|Any CPU
		{75A27B1B-93AE-427E-9CBA-9CAF71F95842}.Debug|ARM.Deploy.0 = Debug|Any CPU
		{75A27B1B-93AE-427E-9CBA-9CAF71F95842}.Debug|iPhone.ActiveCfg = Debug|Any CPU
		{75A27B1B-93AE-427E-9CBA-9CAF71F95842}.Debug|iPhone.Build.0 = Debug|Any CPU
		{75A27B1B-93AE-427E-9CBA-9CAF71F95842}.Debug|iPhone.Deploy.0 = Debug|Any CPU
		{75A27B1B-93AE-427E-9CBA-9CAF71F95842}.Debug|iPhoneSimulator.ActiveCfg = Debug|Any CPU
		{75A27B1B-93AE-427E-9CBA-9CAF71F95842}.Debug|iPhoneSimulator.Build.0 = Debug|Any CPU
		{75A27B1B-93AE-427E-9CBA-9CAF71F95842}.Debug|iPhoneSimulator.Deploy.0 = Debug|Any CPU
		{75A27B1B-93AE-427E-9CBA-9CAF71F95842}.Debug|x64.ActiveCfg = Debug|Any CPU
		{75A27B1B-93AE-427E-9CBA-9CAF71F95842}.Debug|x64.Build.0 = Debug|Any CPU
		{75A27B1B-93AE-427E-9CBA-9CAF71F95842}.Debug|x64.Deploy.0 = Debug|Any CPU
		{75A27B1B-93AE-427E-9CBA-9CAF71F95842}.Debug|x86.ActiveCfg = Debug|Any CPU
		{75A27B1B-93AE-427E-9CBA-9CAF71F95842}.Debug|x86.Build.0 = Debug|Any CPU
		{75A27B1B-93AE-427E-9CBA-9CAF71F95842}.Debug|x86.Deploy.0 = Debug|Any CPU
		{75A27B1B-93AE-427E-9CBA-9CAF71F95842}.Release|Any CPU.ActiveCfg = Release|Any CPU
		{75A27B1B-93AE-427E-9CBA-9CAF71F95842}.Release|Any CPU.Build.0 = Release|Any CPU
		{75A27B1B-93AE-427E-9CBA-9CAF71F95842}.Release|Any CPU.Deploy.0 = Release|Any CPU
		{75A27B1B-93AE-427E-9CBA-9CAF71F95842}.Release|ARM.ActiveCfg = Release|Any CPU
		{75A27B1B-93AE-427E-9CBA-9CAF71F95842}.Release|ARM.Build.0 = Release|Any CPU
		{75A27B1B-93AE-427E-9CBA-9CAF71F95842}.Release|ARM.Deploy.0 = Release|Any CPU
		{75A27B1B-93AE-427E-9CBA-9CAF71F95842}.Release|iPhone.ActiveCfg = Release|Any CPU
		{75A27B1B-93AE-427E-9CBA-9CAF71F95842}.Release|iPhone.Build.0 = Release|Any CPU
		{75A27B1B-93AE-427E-9CBA-9CAF71F95842}.Release|iPhone.Deploy.0 = Release|Any CPU
		{75A27B1B-93AE-427E-9CBA-9CAF71F95842}.Release|iPhoneSimulator.ActiveCfg = Release|Any CPU
		{75A27B1B-93AE-427E-9CBA-9CAF71F95842}.Release|iPhoneSimulator.Build.0 = Release|Any CPU
		{75A27B1B-93AE-427E-9CBA-9CAF71F95842}.Release|iPhoneSimulator.Deploy.0 = Release|Any CPU
		{75A27B1B-93AE-427E-9CBA-9CAF71F95842}.Release|x64.ActiveCfg = Release|Any CPU
		{75A27B1B-93AE-427E-9CBA-9CAF71F95842}.Release|x64.Build.0 = Release|Any CPU
		{75A27B1B-93AE-427E-9CBA-9CAF71F95842}.Release|x64.Deploy.0 = Release|Any CPU
		{75A27B1B-93AE-427E-9CBA-9CAF71F95842}.Release|x86.ActiveCfg = Release|Any CPU
		{75A27B1B-93AE-427E-9CBA-9CAF71F95842}.Release|x86.Build.0 = Release|Any CPU
		{75A27B1B-93AE-427E-9CBA-9CAF71F95842}.Release|x86.Deploy.0 = Release|Any CPU
		{A8679346-65C3-4B89-A3FA-2FE953246F6E}.Debug|Any CPU.ActiveCfg = Debug|iPhoneSimulator
		{A8679346-65C3-4B89-A3FA-2FE953246F6E}.Debug|Any CPU.Build.0 = Debug|iPhoneSimulator
		{A8679346-65C3-4B89-A3FA-2FE953246F6E}.Debug|Any CPU.Deploy.0 = Debug|iPhoneSimulator
		{A8679346-65C3-4B89-A3FA-2FE953246F6E}.Debug|ARM.ActiveCfg = Debug|iPhoneSimulator
		{A8679346-65C3-4B89-A3FA-2FE953246F6E}.Debug|ARM.Build.0 = Debug|iPhoneSimulator
		{A8679346-65C3-4B89-A3FA-2FE953246F6E}.Debug|ARM.Deploy.0 = Debug|iPhoneSimulator
		{A8679346-65C3-4B89-A3FA-2FE953246F6E}.Debug|iPhone.ActiveCfg = Debug|iPhone
		{A8679346-65C3-4B89-A3FA-2FE953246F6E}.Debug|iPhone.Build.0 = Debug|iPhone
		{A8679346-65C3-4B89-A3FA-2FE953246F6E}.Debug|iPhone.Deploy.0 = Debug|iPhone
		{A8679346-65C3-4B89-A3FA-2FE953246F6E}.Debug|iPhoneSimulator.ActiveCfg = Debug|iPhoneSimulator
		{A8679346-65C3-4B89-A3FA-2FE953246F6E}.Debug|iPhoneSimulator.Build.0 = Debug|iPhoneSimulator
		{A8679346-65C3-4B89-A3FA-2FE953246F6E}.Debug|iPhoneSimulator.Deploy.0 = Debug|iPhoneSimulator
		{A8679346-65C3-4B89-A3FA-2FE953246F6E}.Debug|x64.ActiveCfg = Debug|iPhone
		{A8679346-65C3-4B89-A3FA-2FE953246F6E}.Debug|x64.Build.0 = Debug|iPhone
		{A8679346-65C3-4B89-A3FA-2FE953246F6E}.Debug|x64.Deploy.0 = Debug|iPhone
		{A8679346-65C3-4B89-A3FA-2FE953246F6E}.Debug|x86.ActiveCfg = Debug|iPhoneSimulator
		{A8679346-65C3-4B89-A3FA-2FE953246F6E}.Debug|x86.Build.0 = Debug|iPhoneSimulator
		{A8679346-65C3-4B89-A3FA-2FE953246F6E}.Debug|x86.Deploy.0 = Debug|iPhoneSimulator
		{A8679346-65C3-4B89-A3FA-2FE953246F6E}.Release|Any CPU.ActiveCfg = Release|iPhoneSimulator
		{A8679346-65C3-4B89-A3FA-2FE953246F6E}.Release|Any CPU.Build.0 = Release|iPhoneSimulator
		{A8679346-65C3-4B89-A3FA-2FE953246F6E}.Release|Any CPU.Deploy.0 = Release|iPhoneSimulator
		{A8679346-65C3-4B89-A3FA-2FE953246F6E}.Release|ARM.ActiveCfg = Release|iPhoneSimulator
		{A8679346-65C3-4B89-A3FA-2FE953246F6E}.Release|ARM.Build.0 = Release|iPhoneSimulator
		{A8679346-65C3-4B89-A3FA-2FE953246F6E}.Release|ARM.Deploy.0 = Release|iPhoneSimulator
		{A8679346-65C3-4B89-A3FA-2FE953246F6E}.Release|iPhone.ActiveCfg = Release|iPhone
		{A8679346-65C3-4B89-A3FA-2FE953246F6E}.Release|iPhone.Build.0 = Release|iPhone
		{A8679346-65C3-4B89-A3FA-2FE953246F6E}.Release|iPhone.Deploy.0 = Release|iPhone
		{A8679346-65C3-4B89-A3FA-2FE953246F6E}.Release|iPhoneSimulator.ActiveCfg = Release|iPhoneSimulator
		{A8679346-65C3-4B89-A3FA-2FE953246F6E}.Release|iPhoneSimulator.Build.0 = Release|iPhoneSimulator
		{A8679346-65C3-4B89-A3FA-2FE953246F6E}.Release|iPhoneSimulator.Deploy.0 = Release|iPhoneSimulator
		{A8679346-65C3-4B89-A3FA-2FE953246F6E}.Release|x64.ActiveCfg = Release|iPhoneSimulator
		{A8679346-65C3-4B89-A3FA-2FE953246F6E}.Release|x64.Build.0 = Release|iPhoneSimulator
		{A8679346-65C3-4B89-A3FA-2FE953246F6E}.Release|x64.Deploy.0 = Release|iPhoneSimulator
		{A8679346-65C3-4B89-A3FA-2FE953246F6E}.Release|x86.ActiveCfg = Release|iPhoneSimulator
		{A8679346-65C3-4B89-A3FA-2FE953246F6E}.Release|x86.Build.0 = Release|iPhoneSimulator
		{A8679346-65C3-4B89-A3FA-2FE953246F6E}.Release|x86.Deploy.0 = Release|iPhoneSimulator
		{E0220BD3-495C-4A38-BB8E-E94B8F8E5F8B}.Debug|Any CPU.ActiveCfg = Debug|Any CPU
		{E0220BD3-495C-4A38-BB8E-E94B8F8E5F8B}.Debug|Any CPU.Build.0 = Debug|Any CPU
		{E0220BD3-495C-4A38-BB8E-E94B8F8E5F8B}.Debug|Any CPU.Deploy.0 = Debug|Any CPU
		{E0220BD3-495C-4A38-BB8E-E94B8F8E5F8B}.Debug|ARM.ActiveCfg = Debug|Any CPU
		{E0220BD3-495C-4A38-BB8E-E94B8F8E5F8B}.Debug|ARM.Build.0 = Debug|Any CPU
		{E0220BD3-495C-4A38-BB8E-E94B8F8E5F8B}.Debug|ARM.Deploy.0 = Debug|Any CPU
		{E0220BD3-495C-4A38-BB8E-E94B8F8E5F8B}.Debug|iPhone.ActiveCfg = Debug|Any CPU
		{E0220BD3-495C-4A38-BB8E-E94B8F8E5F8B}.Debug|iPhone.Build.0 = Debug|Any CPU
		{E0220BD3-495C-4A38-BB8E-E94B8F8E5F8B}.Debug|iPhone.Deploy.0 = Debug|Any CPU
		{E0220BD3-495C-4A38-BB8E-E94B8F8E5F8B}.Debug|iPhoneSimulator.ActiveCfg = Debug|Any CPU
		{E0220BD3-495C-4A38-BB8E-E94B8F8E5F8B}.Debug|iPhoneSimulator.Build.0 = Debug|Any CPU
		{E0220BD3-495C-4A38-BB8E-E94B8F8E5F8B}.Debug|iPhoneSimulator.Deploy.0 = Debug|Any CPU
		{E0220BD3-495C-4A38-BB8E-E94B8F8E5F8B}.Debug|x64.ActiveCfg = Debug|Any CPU
		{E0220BD3-495C-4A38-BB8E-E94B8F8E5F8B}.Debug|x64.Build.0 = Debug|Any CPU
		{E0220BD3-495C-4A38-BB8E-E94B8F8E5F8B}.Debug|x64.Deploy.0 = Debug|Any CPU
		{E0220BD3-495C-4A38-BB8E-E94B8F8E5F8B}.Debug|x86.ActiveCfg = Debug|Any CPU
		{E0220BD3-495C-4A38-BB8E-E94B8F8E5F8B}.Debug|x86.Build.0 = Debug|Any CPU
		{E0220BD3-495C-4A38-BB8E-E94B8F8E5F8B}.Debug|x86.Deploy.0 = Debug|Any CPU
		{E0220BD3-495C-4A38-BB8E-E94B8F8E5F8B}.Release|Any CPU.ActiveCfg = Release|Any CPU
		{E0220BD3-495C-4A38-BB8E-E94B8F8E5F8B}.Release|Any CPU.Build.0 = Release|Any CPU
		{E0220BD3-495C-4A38-BB8E-E94B8F8E5F8B}.Release|Any CPU.Deploy.0 = Release|Any CPU
		{E0220BD3-495C-4A38-BB8E-E94B8F8E5F8B}.Release|ARM.ActiveCfg = Release|Any CPU
		{E0220BD3-495C-4A38-BB8E-E94B8F8E5F8B}.Release|ARM.Build.0 = Release|Any CPU
		{E0220BD3-495C-4A38-BB8E-E94B8F8E5F8B}.Release|ARM.Deploy.0 = Release|Any CPU
		{E0220BD3-495C-4A38-BB8E-E94B8F8E5F8B}.Release|iPhone.ActiveCfg = Release|Any CPU
		{E0220BD3-495C-4A38-BB8E-E94B8F8E5F8B}.Release|iPhone.Build.0 = Release|Any CPU
		{E0220BD3-495C-4A38-BB8E-E94B8F8E5F8B}.Release|iPhone.Deploy.0 = Release|Any CPU
		{E0220BD3-495C-4A38-BB8E-E94B8F8E5F8B}.Release|iPhoneSimulator.ActiveCfg = Release|Any CPU
		{E0220BD3-495C-4A38-BB8E-E94B8F8E5F8B}.Release|iPhoneSimulator.Build.0 = Release|Any CPU
		{E0220BD3-495C-4A38-BB8E-E94B8F8E5F8B}.Release|iPhoneSimulator.Deploy.0 = Release|Any CPU
		{E0220BD3-495C-4A38-BB8E-E94B8F8E5F8B}.Release|x64.ActiveCfg = Release|Any CPU
		{E0220BD3-495C-4A38-BB8E-E94B8F8E5F8B}.Release|x64.Build.0 = Release|Any CPU
		{E0220BD3-495C-4A38-BB8E-E94B8F8E5F8B}.Release|x64.Deploy.0 = Release|Any CPU
		{E0220BD3-495C-4A38-BB8E-E94B8F8E5F8B}.Release|x86.ActiveCfg = Release|Any CPU
		{E0220BD3-495C-4A38-BB8E-E94B8F8E5F8B}.Release|x86.Build.0 = Release|Any CPU
		{E0220BD3-495C-4A38-BB8E-E94B8F8E5F8B}.Release|x86.Deploy.0 = Release|Any CPU
	EndGlobalSection
	GlobalSection(SolutionProperties) = preSolution
		HideSolutionNode = FALSE
	EndGlobalSection
	GlobalSection(ExtensibilityGlobals) = postSolution
		SolutionGuid = {A6AED43D-D080-46BE-A6E0-28586EDEA8B3}
	EndGlobalSection
EndGlobal
